
Microsoft Visual Studio Solution File, Format Version 12.00
# Visual Studio Version 16
VisualStudioVersion = 16.0.29920.165
MinimumVisualStudioVersion = 10.0.40219.1
Project("{FAE04EC0-301F-11D3-BF4B-00C04F79EFBC}") = "SignalRApp", "SignalRApp\SignalRApp.csproj", "{9D1BCFF2-24FD-4B8B-AF13-B1350332219F}"
EndProject
Global
	GlobalSection(SolutionConfigurationPlatforms) = preSolution
		Debug|Any CPU = Debug|Any CPU
		Release|Any CPU = Release|Any CPU
	EndGlobalSection
	GlobalSection(ProjectConfigurationPlatforms) = postSolution
		{9D1BCFF2-24FD-4B8B-AF13-B1350332219F}.Debug|Any CPU.ActiveCfg = Debug|Any CPU
		{9D1BCFF2-24FD-4B8B-AF13-B1350332219F}.Debug|Any CPU.Build.0 = Debug|Any CPU
		{9D1BCFF2-24FD-4B8B-AF13-B1350332219F}.Release|Any CPU.ActiveCfg = Release|Any CPU
		{9D1BCFF2-24FD-4B8B-AF13-B1350332219F}.Release|Any CPU.Build.0 = Release|Any CPU
	EndGlobalSection
	GlobalSection(SolutionProperties) = preSolution
		HideSolutionNode = FALSE
	EndGlobalSection
	GlobalSection(ExtensibilityGlobals) = postSolution
		SolutionGuid = {AC5605CA-6928-4E04-9ECB-39A865508275}
	EndGlobalSection
EndGlobal
